// !$*UTF8*$!
{
	archiveVersion = 1;
	classes = {
	};
	objectVersion = 50;
	objects = {

/* Begin PBXBuildFile section */
		6A8BBF442402B57800376229 /* AppDelegate.swift in Sources */ = {isa = PBXBuildFile; fileRef = 6A8BBF432402B57800376229 /* AppDelegate.swift */; };
		6A8BBF462402B57800376229 /* SceneDelegate.swift in Sources */ = {isa = PBXBuildFile; fileRef = 6A8BBF452402B57800376229 /* SceneDelegate.swift */; };
		6A8BBF4B2402B57800376229 /* Main.storyboard in Resources */ = {isa = PBXBuildFile; fileRef = 6A8BBF492402B57800376229 /* Main.storyboard */; };
		6A8BBF4D2402B57B00376229 /* Assets.xcassets in Resources */ = {isa = PBXBuildFile; fileRef = 6A8BBF4C2402B57B00376229 /* Assets.xcassets */; };
		6A8BBF502402B57B00376229 /* LaunchScreen.storyboard in Resources */ = {isa = PBXBuildFile; fileRef = 6A8BBF4E2402B57B00376229 /* LaunchScreen.storyboard */; };
		6A8BBF582402C9D400376229 /* ViewControllerA.swift in Sources */ = {isa = PBXBuildFile; fileRef = 6A8BBF572402C9D400376229 /* ViewControllerA.swift */; };
		6A8BBF5A2402C9DB00376229 /* ViewControllerB.swift in Sources */ = {isa = PBXBuildFile; fileRef = 6A8BBF592402C9DB00376229 /* ViewControllerB.swift */; };
		6A8BBF5C2402C9E300376229 /* ViewControllerC.swift in Sources */ = {isa = PBXBuildFile; fileRef = 6A8BBF5B2402C9E300376229 /* ViewControllerC.swift */; };
/* End PBXBuildFile section */

/* Begin PBXFileReference section */
		6A8BBF402402B57800376229 /* UnwindSegueExample.app */ = {isa = PBXFileReference; explicitFileType = wrapper.application; includeInIndex = 0; path = UnwindSegueExample.app; sourceTree = BUILT_PRODUCTS_DIR; };
		6A8BBF432402B57800376229 /* AppDelegate.swift */ = {isa = PBXFileReference; lastKnownFileType = sourcecode.swift; path = AppDelegate.swift; sourceTree = "<group>"; };
		6A8BBF452402B57800376229 /* SceneDelegate.swift */ = {isa = PBXFileReference; lastKnownFileType = sourcecode.swift; path = SceneDelegate.swift; sourceTree = "<group>"; };
		6A8BBF4A2402B57800376229 /* Base */ = {isa = PBXFileReference; lastKnownFileType = file.storyboard; name = Base; path = Base.lproj/Main.storyboard; sourceTree = "<group>"; };
		6A8BBF4C2402B57B00376229 /* Assets.xcassets */ = {isa = PBXFileReference; lastKnownFileType = folder.assetcatalog; path = Assets.xcassets; sourceTree = "<group>"; };
		6A8BBF4F2402B57B00376229 /* Base */ = {isa = PBXFileReference; lastKnownFileType = file.storyboard; name = Base; path = Base.lproj/LaunchScreen.storyboard; sourceTree = "<group>"; };
		6A8BBF512402B57B00376229 /* Info.plist */ = {isa = PBXFileReference; lastKnownFileType = text.plist.xml; path = Info.plist; sourceTree = "<group>"; };
		6A8BBF572402C9D400376229 /* ViewControllerA.swift */ = {isa = PBXFileReference; lastKnownFileType = sourcecode.swift; path = ViewControllerA.swift; sourceTree = "<group>"; };
		6A8BBF592402C9DB00376229 /* ViewControllerB.swift */ = {isa = PBXFileReference; lastKnownFileType = sourcecode.swift; path = ViewControllerB.swift; sourceTree = "<group>"; };
		6A8BBF5B2402C9E300376229 /* ViewControllerC.swift */ = {isa = PBXFileReference; lastKnownFileType = sourcecode.swift; path = ViewControllerC.swift; sourceTree = "<group>"; };
/* End PBXFileReference section */

/* Begin PBXFrameworksBuildPhase section */
		6A8BBF3D2402B57700376229 /* Frameworks */ = {
			isa = PBXFrameworksBuildPhase;
			buildActionMask = 2147483647;
			files = (
			);
			runOnlyForDeploymentPostprocessing = 0;
		};
/* End PBXFrameworksBuildPhase section */

/* Begin PBXGroup section */
		6A8BBF372402B57700376229 = {
			isa = PBXGroup;
			children = (
				6A8BBF422402B57800376229 /* UnwindSegueExample */,
				6A8BBF412402B57800376229 /* Products */,
			);
			sourceTree = "<group>";
		};
		6A8BBF412402B57800376229 /* Products */ = {
			isa = PBXGroup;
			children = (
				6A8BBF402402B57800376229 /* UnwindSegueExample.app */,
			);
			name = Products;
			sourceTree = "<group>";
		};
		6A8BBF422402B57800376229 /* UnwindSegueExample */ = {
			isa = PBXGroup;
			children = (
				6A8BBF432402B57800376229 /* AppDelegate.swift */,
				6A8BBF452402B57800376229 /* SceneDelegate.swift */,
				6A8BBF572402C9D400376229 /* ViewControllerA.swift */,
				6A8BBF592402C9DB00376229 /* ViewControllerB.swift */,
				6A8BBF5B2402C9E300376229 /* ViewControllerC.swift */,
				6A8BBF492402B57800376229 /* Main.storyboard */,
				6A8BBF4C2402B57B00376229 /* Assets.xcassets */,
				6A8BBF4E2402B57B00376229 /* LaunchScreen.storyboard */,
				6A8BBF512402B57B00376229 /* Info.plist */,
			);
			path = UnwindSegueExample;
			sourceTree = "<group>";
		};
/* End PBXGroup section */

/* Begin PBXNativeTarget section */
		6A8BBF3F2402B57700376229 /* UnwindSegueExample */ = {
			isa = PBXNativeTarget;
			buildConfigurationList = 6A8BBF542402B57B00376229 /* Build configuration list for PBXNativeTarget "UnwindSegueExample" */;
			buildPhases = (
				6A8BBF3C2402B57700376229 /* Sources */,
				6A8BBF3D2402B57700376229 /* Frameworks */,
				6A8BBF3E2402B57700376229 /* Resources */,
			);
			buildRules = (
			);
			dependencies = (
			);
			name = UnwindSegueExample;
			productName = UnwindSegueExample;
			productReference = 6A8BBF402402B57800376229 /* UnwindSegueExample.app */;
			productType = "com.apple.product-type.application";
		};
/* End PBXNativeTarget section */

/* Begin PBXProject section */
		6A8BBF382402B57700376229 /* Project object */ = {
			isa = PBXProject;
			attributes = {
				LastSwiftUpdateCheck = 1130;
				LastUpgradeCheck = 1130;
				ORGANIZATIONNAME = "Lajos Deme";
				TargetAttributes = {
					6A8BBF3F2402B57700376229 = {
						CreatedOnToolsVersion = 11.3.1;
					};
				};
			};
			buildConfigurationList = 6A8BBF3B2402B57700376229 /* Build configuration list for PBXProject "UnwindSegueExample" */;
			compatibilityVersion = "Xcode 9.3";
			developmentRegion = en;
			hasScannedForEncodings = 0;
			knownRegions = (
				en,
				Base,
			);
			mainGroup = 6A8BBF372402B57700376229;
			productRefGroup = 6A8BBF412402B57800376229 /* Products */;
			projectDirPath = "";
			projectRoot = "";
			targets = (
				6A8BBF3F2402B57700376229 /* UnwindSegueExample */,
			);
		};
/* End PBXProject section */

/* Begin PBXResourcesBuildPhase section */
		6A8BBF3E2402B57700376229 /* Resources */ = {
			isa = PBXResourcesBuildPhase;
			buildActionMask = 2147483647;
			files = (
				6A8BBF502402B57B00376229 /* LaunchScreen.storyboard in Resources */,
				6A8BBF4D2402B57B00376229 /* Assets.xcassets in Resources */,
				6A8BBF4B2402B57800376229 /* Main.storyboard in Resources */,
			);
			runOnlyForDeploymentPostprocessing = 0;
		};
/* End PBXResourcesBuildPhase section */

/* Begin PBXSourcesBuildPhase section */
		6A8BBF3C2402B57700376229 /* Sources */ = {
			isa = PBXSourcesBuildPhase;
			buildActionMask = 2147483647;
			files = (
				6A8BBF442402B57800376229 /* AppDelegate.swift in Sources */,
				6A8BBF5A2402C9DB00376229 /* ViewControllerB.swift in Sources */,
				6A8BBF5C2402C9E300376229 /* ViewControllerC.swift in Sources */,
				6A8BBF582402C9D400376229 /* ViewControllerA.swift in Sources */,
				6A8BBF462402B57800376229 /* SceneDelegate.swift in Sources */,
			);
			runOnlyForDeploymentPostprocessing = 0;
		};
/* End PBXSourcesBuildPhase section */

/* Begin PBXVariantGroup section */
		6A8BBF492402B57800376229 /* Main.storyboard */ = {
			isa = PBXVariantGroup;
			children = (
				6A8BBF4A2402B57800376229 /* Base */,
			);
			name = Main.storyboard;
			sourceTree = "<group>";
		};
		6A8BBF4E2402B57B00376229 /* LaunchScreen.storyboard */ = {
			isa = PBXVariantGroup;
			children = (
				6A8BBF4F2402B57B00376229 /* Base */,
			);
			name = LaunchScreen.storyboard;
			sourceTree = "<group>";
		};
/* End PBXVariantGroup section */

/* Begin XCBuildConfiguration section */
		6A8BBF522402B57B00376229 /* Debug */ = {
			isa = XCBuildConfiguration;
			buildSettings = {
				ALWAYS_SEARCH_USER_PATHS = NO;
				CLANG_ANALYZER_NONNULL = YES;
				CLANG_ANALYZER_NUMBER_OBJECT_CONVERSION = YES_AGGRESSIVE;
				CLANG_CXX_LANGUAGE_STANDARD = "gnu++14";
				CLANG_CXX_LIBRARY = "libc++";
				CLANG_ENABLE_MODULES = YES;
				CLANG_ENABLE_OBJC_ARC = YES;
				CLANG_ENABLE_OBJC_WEAK = YES;
				CLANG_WARN_BLOCK_CAPTURE_AUTORELEASING = YES;
				CLANG_WARN_BOOL_CONVERSION = YES;
				CLANG_WARN_COMMA = YES;
				CLANG_WARN_CONSTANT_CONVERSION = YES;
				CLANG_WARN_DEPRECATED_OBJC_IMPLEMENTATIONS = YES;
				CLANG_WARN_DIRECT_OBJC_ISA_USAGE = YES_ERROR;
				CLANG_WARN_DOCUMENTATION_COMMENTS = YES;
				CLANG_WARN_EMPTY_BODY = YES;
				CLANG_WARN_ENUM_CONVERSION = YES;
				CLANG_WARN_INFINITE_RECURSION = YES;
				CLANG_WARN_INT_CONVERSION = YES;
				CLANG_WARN_NON_LITERAL_NULL_CONVERSION = YES;
				CLANG_WARN_OBJC_IMPLICIT_RETAIN_SELF = YES;
				CLANG_WARN_OBJC_LITERAL_CONVERSION = YES;
				CLANG_WARN_OBJC_ROOT_CLASS = YES_ERROR;
				CLANG_WARN_RANGE_LOOP_ANALYSIS = YES;
				CLANG_WARN_STRICT_PROTOTYPES = YES;
				CLANG_WARN_SUSPICIOUS_MOVE = YES;
				CLANG_WARN_UNGUARDED_AVAILABILITY = YES_AGGRESSIVE;
				CLANG_WARN_UNREACHABLE_CODE = YES;
				CLANG_WARN__DUPLICATE_METHOD_MATCH = YES;
				COPY_PHASE_STRIP = NO;
				DEBUG_INFORMATION_FORMAT = dwarf;
				ENABLE_STRICT_OBJC_MSGSEND = YES;
				ENABLE_TESTABILITY = YES;
				GCC_C_LANGUAGE_STANDARD = gnu11;
				GCC_DYNAMIC_NO_PIC = NO;
				GCC_NO_COMMON_BLOCKS = YES;
				GCC_OPTIMIZATION_LEVEL = 0;
				GCC_PREPROCESSOR_DEFINITIONS = (
					"DEBUG=1",
					"$(inherited)",
				);
				GCC_WARN_64_TO_32_BIT_CONVERSION = YES;
				GCC_WARN_ABOUT_RETURN_TYPE = YES_ERROR;
				GCC_WARN_UNDECLARED_SELECTOR = YES;
				GCC_WARN_UNINITIALIZED_AUTOS = YES_AGGRESSIVE;
				GCC_WARN_UNUSED_FUNCTION = YES;
				GCC_WARN_UNUSED_VARIABLE = YES;
				IPHONEOS_DEPLOYMENT_TARGET = 13.2;
				MTL_ENABLE_DEBUG_INFO = INCLUDE_SOURCE;
				MTL_FAST_MATH = YES;
				ONLY_ACTIVE_ARCH = YES;
				SDKROOT = iphoneos;
				SWIFT_ACTIVE_COMPILATION_CONDITIONS = DEBUG;
				SWIFT_OPTIMIZATION_LEVEL = "-Onone";
			};
			name = Debug;
		};
		6A8BBF532402B57B00376229 /* Release */ = {
			isa = XCBuildConfiguration;
			buildSettings = {
				ALWAYS_SEARCH_USER_PATHS = NO;
				CLANG_ANALYZER_NONNULL = YES;
				CLANG_ANALYZER_NUMBER_OBJECT_CONVERSION = YES_AGGRESSIVE;
				CLANG_CXX_LANGUAGE_STANDARD = "gnu++14";
				CLANG_CXX_LIBRARY = "libc++";
				CLANG_ENABLE_MODULES = YES;
				CLANG_ENABLE_OBJC_ARC = YES;
				CLANG_ENABLE_OBJC_WEAK = YES;
				CLANG_WARN_BLOCK_CAPTURE_AUTORELEASING = YES;
				CLANG_WARN_BOOL_CONVERSION = YES;
				CLANG_WARN_COMMA = YES;
				CLANG_WARN_CONSTANT_CONVERSION = YES;
				CLANG_WARN_DEPRECATED_OBJC_IMPLEMENTATIONS = YES;
				CLANG_WARN_DIRECT_OBJC_ISA_USAGE = YES_ERROR;
				CLANG_WARN_DOCUMENTATION_COMMENTS = YES;
				CLANG_WARN_EMPTY_BODY = YES;
				CLANG_WARN_ENUM_CONVERSION = YES;
				CLANG_WARN_INFINITE_RECURSION = YES;
				CLANG_WARN_INT_CONVERSION = YES;
				CLANG_WARN_NON_LITERAL_NULL_CONVERSION = YES;
				CLANG_WARN_OBJC_IMPLICIT_RETAIN_SELF = YES;
				CLANG_WARN_OBJC_LITERAL_CONVERSION = YES;
				CLANG_WARN_OBJC_ROOT_CLASS = YES_ERROR;
				CLANG_WARN_RANGE_LOOP_ANALYSIS = YES;
				CLANG_WARN_STRICT_PROTOTYPES = YES;
				CLANG_WARN_SUSPICIOUS_MOVE = YES;
				CLANG_WARN_UNGUARDED_AVAILABILITY = YES_AGGRESSIVE;
				CLANG_WARN_UNREACHABLE_CODE = YES;
				CLANG_WARN__DUPLICATE_METHOD_MATCH = YES;
				COPY_PHASE_STRIP = NO;
				DEBUG_INFORMATION_FORMAT = "dwarf-with-dsym";
				ENABLE_NS_ASSERTIONS = NO;
				ENABLE_STRICT_OBJC_MSGSEND = YES;
				GCC_C_LANGUAGE_STANDARD = gnu11;
				GCC_NO_COMMON_BLOCKS = YES;
				GCC_WARN_64_TO_32_BIT_CONVERSION = YES;
				GCC_WARN_ABOUT_RETURN_TYPE = YES_ERROR;
				GCC_WARN_UNDECLARED_SELECTOR = YES;
				GCC_WARN_UNINITIALIZED_AUTOS = YES_AGGRESSIVE;
				GCC_WARN_UNUSED_FUNCTION = YES;
				GCC_WARN_UNUSED_VARIABLE = YES;
				IPHONEOS_DEPLOYMENT_TARGET = 13.2;
				MTL_ENABLE_DEBUG_INFO = NO;
				MTL_FAST_MATH = YES;
				SDKROOT = iphoneos;
				SWIFT_COMPILATION_MODE = wholemodule;
				SWIFT_OPTIMIZATION_LEVEL = "-O";
				VALIDATE_PRODUCT = YES;
			};
			name = Release;
		};
		6A8BBF552402B57B00376229 /* Debug */ = {
			isa = XCBuildConfiguration;
			buildSettings = {
				ASSETCATALOG_COMPILER_APPICON_NAME = AppIcon;
				CODE_SIGN_STYLE = Automatic;
				DEVELOPMENT_TEAM = 5KMR6VMNH4;
				INFOPLIST_FILE = UnwindSegueExample/Info.plist;
				LD_RUNPATH_SEARCH_PATHS = (
					"$(inherited)",
					"@executable_path/Frameworks",
				);
				PRODUCT_BUNDLE_IDENTIFIER = com.lajosdeme.UnwindSegueExample;
				PRODUCT_NAME = "$(TARGET_NAME)";
				SWIFT_VERSION = 5.0;
				TARGETED_DEVICE_FAMILY = "1,2";
			};
			name = Debug;
		};
		6A8BBF562402B57B00376229 /* Release */ = {
			isa = XCBuildConfiguration;
			buildSettings = {
				ASSETCATALOG_COMPILER_APPICON_NAME = AppIcon;
				CODE_SIGN_STYLE = Automatic;
				DEVELOPMENT_TEAM = 5KMR6VMNH4;
				INFOPLIST_FILE = UnwindSegueExample/Info.plist;
				LD_RUNPATH_SEARCH_PATHS = (
					"$(inherited)",
					"@executable_path/Frameworks",
				);
				PRODUCT_BUNDLE_IDENTIFIER = com.lajosdeme.UnwindSegueExample;
				PRODUCT_NAME = "$(TARGET_NAME)";
				SWIFT_VERSION = 5.0;
				TARGETED_DEVICE_FAMILY = "1,2";
			};
			name = Release;
		};
/* End XCBuildConfiguration section */

/* Begin XCConfigurationList section */
		6A8BBF3B2402B57700376229 /* Build configuration list for PBXProject "UnwindSegueExample" */ = {
			isa = XCConfigurationList;
			buildConfigurations = (
				6A8BBF522402B57B00376229 /* Debug */,
				6A8BBF532402B57B00376229 /* Release */,
			);
			defaultConfigurationIsVisible = 0;
			defaultConfigurationName = Release;
		};
		6A8BBF542402B57B00376229 /* Build configuration list for PBXNativeTarget "UnwindSegueExample" */ = {
			isa = XCConfigurationList;
			buildConfigurations = (
				6A8BBF552402B57B00376229 /* Debug */,
				6A8BBF562402B57B00376229 /* Release */,
			);
			defaultConfigurationIsVisible = 0;
			defaultConfigurationName = Release;
		};
/* End XCConfigurationList section */
	};
	rootObject = 6A8BBF382402B57700376229 /* Project object */;
}
